<?xml version="1.0"?>
<CONFIG>
  <ProjectOptions>
    <Version Value="9"/>
    <General>
      <MainUnit Value="0"/>
      <ResourceType Value="res"/>
      <UseXPManifest Value="True"/>
      <Icon Value="0"/>
      <ActiveWindowIndexAtStart Value="0"/>
    </General>
    <i18n>
      <EnableI18N LFM="False"/>
    </i18n>
    <VersionInfo>
      <StringTable ProductVersion=""/>
    </VersionInfo>
    <BuildModes Count="1" Active="Default">
      <Item1 Name="Default" Default="True"/>
    </BuildModes>
    <PublishOptions>
      <Version Value="2"/>
      <IncludeFileFilter Value="*.(pas|pp|inc|lfm|lpr|lrs|lpi|lpk|sh|xml)"/>
      <ExcludeFileFilter Value="*.(bak|ppu|o|so);*~;backup"/>
    </PublishOptions>
    <RunParams>
      <local>
        <FormatVersion Value="1"/>
      </local>
    </RunParams>
    <RequiredPackages Count="3">
      <Item1>
        <PackageName Value="FCL"/>
        <MinVersion Major="1" Valid="True"/>
      </Item1>
      <Item2>
        <PackageName Value="SQLDBLaz"/>
        <MinVersion Major="1" Release="1" Valid="True"/>
      </Item2>
      <Item3>
        <PackageName Value="LCL"/>
      </Item3>
    </RequiredPackages>
    <Units Count="5">
      <Unit0>
        <Filename Value="contactsapp.lpr"/>
        <IsPartOfProject Value="True"/>
        <UnitName Value="contactsapp"/>
        <EditorIndex Value="3"/>
        <WindowIndex Value="0"/>
        <TopLine Value="1"/>
        <CursorPos X="59" Y="17"/>
        <UsageCount Value="31"/>
        <Loaded Value="True"/>
      </Unit0>
      <Unit1>
        <Filename Value="ipcontactsformunit.pas"/>
        <IsPartOfProject Value="True"/>
        <ComponentName Value="IPContactsForm"/>
        <ResourceBaseClass Value="Form"/>
        <UnitName Value="IPContactsFormUnit"/>
        <IsVisibleTab Value="True"/>
        <EditorIndex Value="0"/>
        <WindowIndex Value="0"/>
        <TopLine Value="199"/>
        <CursorPos X="3" Y="220"/>
        <UsageCount Value="31"/>
        <Loaded Value="True"/>
        <LoadedDesigner Value="True"/>
      </Unit1>
      <Unit2>
        <Filename Value="ipeditformunit.pas"/>
        <IsPartOfProject Value="True"/>
        <ComponentName Value="EditForm"/>
        <ResourceBaseClass Value="Form"/>
        <UnitName Value="IPEditFormUnit"/>
        <EditorIndex Value="1"/>
        <WindowIndex Value="0"/>
        <TopLine Value="30"/>
        <CursorPos X="32" Y="49"/>
        <UsageCount Value="28"/>
        <Loaded Value="True"/>
        <LoadedDesigner Value="True"/>
      </Unit2>
      <Unit3>
        <Filename Value="ipeditformunit.lfm"/>
        <EditorIndex Value="2"/>
        <WindowIndex Value="0"/>
        <TopLine Value="133"/>
        <CursorPos X="26" Y="133"/>
        <UsageCount Value="14"/>
        <Loaded Value="True"/>
        <DefaultSyntaxHighlighter Value="LFM"/>
      </Unit3>
      <Unit4>
        <Filename Value="/usr/share/fpcsrc/2.6.0/packages/fcl-db/src/base/db.pas"/>
        <UnitName Value="db"/>
        <WindowIndex Value="0"/>
        <TopLine Value="1562"/>
        <CursorPos X="15" Y="1578"/>
        <UsageCount Value="10"/>
      </Unit4>
    </Units>
    <JumpHistory Count="30" HistoryIndex="29">
      <Position1>
        <Filename Value="ipcontactsformunit.pas"/>
        <Caret Line="107" Column="36" TopLine="83"/>
      </Position1>
      <Position2>
        <Filename Value="ipcontactsformunit.pas"/>
        <Caret Line="101" Column="13" TopLine="93"/>
      </Position2>
      <Position3>
        <Filename Value="ipcontactsformunit.pas"/>
        <Caret Line="103" Column="30" TopLine="85"/>
      </Position3>
      <Position4>
        <Filename Value="ipcontactsformunit.pas"/>
        <Caret Line="118" Column="1" TopLine="102"/>
      </Position4>
      <Position5>
        <Filename Value="ipcontactsformunit.pas"/>
        <Caret Line="94" Column="36" TopLine="90"/>
      </Position5>
      <Position6>
        <Filename Value="ipeditformunit.pas"/>
        <Caret Line="102" Column="33" TopLine="74"/>
      </Position6>
      <Position7>
        <Filename Value="ipeditformunit.pas"/>
        <Caret Line="139" Column="50" TopLine="129"/>
      </Position7>
      <Position8>
        <Filename Value="ipeditformunit.pas"/>
        <Caret Line="140" Column="41" TopLine="123"/>
      </Position8>
      <Position9>
        <Filename Value="ipeditformunit.pas"/>
        <Caret Line="137" Column="30" TopLine="126"/>
      </Position9>
      <Position10>
        <Filename Value="ipeditformunit.pas"/>
        <Caret Line="144" Column="16" TopLine="127"/>
      </Position10>
      <Position11>
        <Filename Value="ipeditformunit.pas"/>
        <Caret Line="145" Column="1" TopLine="129"/>
      </Position11>
      <Position12>
        <Filename Value="ipeditformunit.pas"/>
        <Caret Line="137" Column="35" TopLine="129"/>
      </Position12>
      <Position13>
        <Filename Value="ipeditformunit.pas"/>
        <Caret Line="143" Column="33" TopLine="124"/>
      </Position13>
      <Position14>
        <Filename Value="ipcontactsformunit.pas"/>
        <Caret Line="97" Column="17" TopLine="134"/>
      </Position14>
      <Position15>
        <Filename Value="ipcontactsformunit.pas"/>
        <Caret Line="98" Column="17" TopLine="98"/>
      </Position15>
      <Position16>
        <Filename Value="ipcontactsformunit.pas"/>
        <Caret Line="99" Column="17" TopLine="99"/>
      </Position16>
      <Position17>
        <Filename Value="ipcontactsformunit.pas"/>
        <Caret Line="139" Column="30" TopLine="134"/>
      </Position17>
      <Position18>
        <Filename Value="ipcontactsformunit.pas"/>
        <Caret Line="167" Column="6" TopLine="141"/>
      </Position18>
      <Position19>
        <Filename Value="ipcontactsformunit.pas"/>
        <Caret Line="180" Column="20" TopLine="154"/>
      </Position19>
      <Position20>
        <Filename Value="ipcontactsformunit.pas"/>
        <Caret Line="177" Column="9" TopLine="159"/>
      </Position20>
      <Position21>
        <Filename Value="ipcontactsformunit.pas"/>
        <Caret Line="181" Column="10" TopLine="159"/>
      </Position21>
      <Position22>
        <Filename Value="ipcontactsformunit.pas"/>
        <Caret Line="87" Column="22" TopLine="72"/>
      </Position22>
      <Position23>
        <Filename Value="ipcontactsformunit.pas"/>
        <Caret Line="63" Column="23" TopLine="48"/>
      </Position23>
      <Position24>
        <Filename Value="ipcontactsformunit.pas"/>
        <Caret Line="29" Column="51" TopLine="13"/>
      </Position24>
      <Position25>
        <Filename Value="ipcontactsformunit.pas"/>
        <Caret Line="27" Column="54" TopLine="11"/>
      </Position25>
      <Position26>
        <Filename Value="ipcontactsformunit.pas"/>
        <Caret Line="182" Column="1" TopLine="151"/>
      </Position26>
      <Position27>
        <Filename Value="ipcontactsformunit.pas"/>
        <Caret Line="189" Column="3" TopLine="164"/>
      </Position27>
      <Position28>
        <Filename Value="ipeditformunit.pas"/>
        <Caret Line="71" Column="28" TopLine="42"/>
      </Position28>
      <Position29>
        <Filename Value="ipcontactsformunit.pas"/>
        <Caret Line="106" Column="52" TopLine="92"/>
      </Position29>
      <Position30>
        <Filename Value="ipcontactsformunit.pas"/>
        <Caret Line="220" Column="32" TopLine="198"/>
      </Position30>
    </JumpHistory>
  </ProjectOptions>
  <CompilerOptions>
    <Version Value="9"/>
    <Target>
      <Filename Value="contactsapp"/>
    </Target>
    <SearchPaths>
      <IncludeFiles Value="$(ProjOutDir)"/>
      <UnitOutputDirectory Value="lib/$(TargetCPU)-$(TargetOS)"/>
    </SearchPaths>
    <Linking>
      <Options>
        <Win32>
          <GraphicApplication Value="True"/>
        </Win32>
      </Options>
    </Linking>
    <Other>
      <CompilerPath Value="$(CompPath)"/>
    </Other>
  </CompilerOptions>
  <Debugging>
    <Watches Count="1">
      <Item1>
        <Expression Value="idx"/>
      </Item1>
    </Watches>
    <Exceptions Count="3">
      <Item1>
        <Name Value="EAbort"/>
      </Item1>
      <Item2>
        <Name Value="ECodetoolError"/>
      </Item2>
      <Item3>
        <Name Value="EFOpenError"/>
      </Item3>
    </Exceptions>
  </Debugging>
</CONFIG>
